{
  "name": "camera_app",
  "version": "1.0.0",
  "lockfileVersion": 2,
  "requires": true,
  "packages": {
    "": {
      "name": "camera_app",
      "version": "1.0.0",
      "dependencies": {
        "@rails/activestorage": "^7.0.4",
        "@rails/ujs": "^7.0.4",
        "channels": "^0.0.4",
        "turbolinks": "^5.2.0"
      }
    },
    "node_modules/@rails/activestorage": {
      "version": "7.0.4",
      "resolved": "https://registry.npmjs.org/@rails/activestorage/-/activestorage-7.0.4.tgz",
      "integrity": "sha512-K2fV9C0z88fapu58nt9uHzMylsmJWUFuaIFvuZQEf1WTiPMsgTsj1bf8+cD81zXfTXYMZDQNRq4164JmuBKD3A==",
      "dependencies": {
        "spark-md5": "^3.0.1"
      }
    },
    "node_modules/@rails/ujs": {
      "version": "7.0.4",
      "resolved": "https://registry.npmjs.org/@rails/ujs/-/ujs-7.0.4.tgz",
      "integrity": "sha512-UY9yQxBvtqXzXScslgPwZoQd16T0+z3P6BQS4lZDJFg5xVuMIgHkHQI6dhyWEt5l/qwbGaYX+YiZu6J+oxWPOw=="
    },
    "node_modules/channels": {
      "version": "0.0.4",
      "resolved": "https://registry.npmjs.org/channels/-/channels-0.0.4.tgz",
      "integrity": "sha512-4zRxUJ/sN+GmA0NeB1wIBA8xzU6C30FsGkSIWob7OLIQVwMKE/ct9n3RLfq8XiLUpafK5gWg7+HuUVzXMXYqVw=="
    },
    "node_modules/spark-md5": {
      "version": "3.0.2",
      "resolved": "https://registry.npmjs.org/spark-md5/-/spark-md5-3.0.2.tgz",
      "integrity": "sha512-wcFzz9cDfbuqe0FZzfi2or1sgyIrsDwmPwfZC4hiNidPdPINjeUwNfv5kldczoEAcjl9Y1L3SM7Uz2PUEQzxQw=="
    },
    "node_modules/turbolinks": {
      "version": "5.2.0",
      "resolved": "https://registry.npmjs.org/turbolinks/-/turbolinks-5.2.0.tgz",
      "integrity": "sha512-pMiez3tyBo6uRHFNNZoYMmrES/IaGgMhQQM+VFF36keryjb5ms0XkVpmKHkfW/4Vy96qiGW3K9bz0tF5sK9bBw=="
    }
  },
  "dependencies": {
    "@rails/activestorage": {
      "version": "7.0.4",
      "resolved": "https://registry.npmjs.org/@rails/activestorage/-/activestorage-7.0.4.tgz",
      "integrity": "sha512-K2fV9C0z88fapu58nt9uHzMylsmJWUFuaIFvuZQEf1WTiPMsgTsj1bf8+cD81zXfTXYMZDQNRq4164JmuBKD3A==",
      "requires": {
        "spark-md5": "^3.0.1"
      }
    },
    "@rails/ujs": {
      "version": "7.0.4",
      "resolved": "https://registry.npmjs.org/@rails/ujs/-/ujs-7.0.4.tgz",
      "integrity": "sha512-UY9yQxBvtqXzXScslgPwZoQd16T0+z3P6BQS4lZDJFg5xVuMIgHkHQI6dhyWEt5l/qwbGaYX+YiZu6J+oxWPOw=="
    },
    "channels": {
      "version": "0.0.4",
      "resolved": "https://registry.npmjs.org/channels/-/channels-0.0.4.tgz",
      "integrity": "sha512-4zRxUJ/sN+GmA0NeB1wIBA8xzU6C30FsGkSIWob7OLIQVwMKE/ct9n3RLfq8XiLUpafK5gWg7+HuUVzXMXYqVw=="
    },
    "spark-md5": {
      "version": "3.0.2",
      "resolved": "https://registry.npmjs.org/spark-md5/-/spark-md5-3.0.2.tgz",
      "integrity": "sha512-wcFzz9cDfbuqe0FZzfi2or1sgyIrsDwmPwfZC4hiNidPdPINjeUwNfv5kldczoEAcjl9Y1L3SM7Uz2PUEQzxQw=="
    },
    "turbolinks": {
      "version": "5.2.0",
      "resolved": "https://registry.npmjs.org/turbolinks/-/turbolinks-5.2.0.tgz",
      "integrity": "sha512-pMiez3tyBo6uRHFNNZoYMmrES/IaGgMhQQM+VFF36keryjb5ms0XkVpmKHkfW/4Vy96qiGW3K9bz0tF5sK9bBw=="
    }
  }
}
